
Microsoft Visual Studio Solution File, Format Version 12.00
# Visual Studio Version 17
VisualStudioVersion = 17.4.33213.308
MinimumVisualStudioVersion = 10.0.40219.1
Project("{FAE04EC0-301F-11D3-BF4B-00C04F79EFBC}") = "FredLogViewer", "FredLogViewer\FredLogViewer.csproj", "{F8C94126-621F-42C5-BF9E-B4FF537911BE}"
EndProject
Global
	GlobalSection(SolutionConfigurationPlatforms) = preSolution
		Debug|Any CPU = Debug|Any CPU
		Debug|x64 = Debug|x64
		Release|Any CPU = Release|Any CPU
		Release|x64 = Release|x64
		X64|Any CPU = X64|Any CPU
		X64|x64 = X64|x64
	EndGlobalSection
	GlobalSection(ProjectConfigurationPlatforms) = postSolution
		{F8C94126-621F-42C5-BF9E-B4FF537911BE}.Debug|Any CPU.ActiveCfg = Debug|Any CPU
		{F8C94126-621F-42C5-BF9E-B4FF537911BE}.Debug|Any CPU.Build.0 = Debug|Any CPU
		{F8C94126-621F-42C5-BF9E-B4FF537911BE}.Debug|x64.ActiveCfg = Debug|x64
		{F8C94126-621F-42C5-BF9E-B4FF537911BE}.Debug|x64.Build.0 = Debug|x64
		{F8C94126-621F-42C5-BF9E-B4FF537911BE}.Release|Any CPU.ActiveCfg = Release|Any CPU
		{F8C94126-621F-42C5-BF9E-B4FF537911BE}.Release|Any CPU.Build.0 = Release|Any CPU
		{F8C94126-621F-42C5-BF9E-B4FF537911BE}.Release|x64.ActiveCfg = Release|x64
		{F8C94126-621F-42C5-BF9E-B4FF537911BE}.Release|x64.Build.0 = Release|x64
		{F8C94126-621F-42C5-BF9E-B4FF537911BE}.X64|Any CPU.ActiveCfg = X64|Any CPU
		{F8C94126-621F-42C5-BF9E-B4FF537911BE}.X64|Any CPU.Build.0 = X64|Any CPU
		{F8C94126-621F-42C5-BF9E-B4FF537911BE}.X64|x64.ActiveCfg = X64|x64
		{F8C94126-621F-42C5-BF9E-B4FF537911BE}.X64|x64.Build.0 = X64|x64
	EndGlobalSection
	GlobalSection(SolutionProperties) = preSolution
		HideSolutionNode = FALSE
	EndGlobalSection
	GlobalSection(ExtensibilityGlobals) = postSolution
		SolutionGuid = {13F9FE13-40D5-43C2-B10A-3CFCB71BF44D}
	EndGlobalSection
EndGlobal
